{
  "version": 4,
  "terraform_version": "1.15.8",
  "serial": 66,
  "lineage": "ba9e6a7b-a1e7-36bc-ab55-51eebb91b4cc",
  "outputs": {
    "acr_login_command": {
      "value": "az acr login --name acraksweek06",
      "type": "string"
    },
    "acr_login_server": {
      "value": "acraksweek06.azurecr.io",
      "type": "string"
    },
    "acr_name": {
      "value": "acraksweek06",
      "type": "string"
    },
    "aks_cluster_name": {
      "value": "aks-cluster-week06",
      "type": "string"
    },
    "aks_get_credentials_command": {
      "value": "az aks get-credentials --resource-group rg-week06 --name aks-cluster-week06 --overwrite-existing",
      "type": "string"
    },
    "lecturer_profile_container": {
      "value": "lecturer-profile-photo",
      "type": "string"
    },
    "resource_group_name": {
      "value": "rg-week06",
      "type": "string"
    },
    "storage_account_name": {
      "value": "aksweek06",
      "type": "string"
    },
    "storage_connection_string": {
      "value": "DefaultEndpointsProtocol=https;AccountName=aksweek06;AccountKey=o4fiq1ybzWnVmvd4dpdZ4z39plvKbpU1u6Z4X9zAe3r24Srk5RXn8JBUCrt7Fjbkw9iUDCnm7rwo+ASt0UDk2Q==;EndpointSuffix=core.windows.net",
      "type": "string",
      "sensitive": true
    },
    "student_profile_container": {
      "value": "student-profile-photo",
      "type": "string"
    }
  },
  "resources": [
    {
      "mode": "managed",
      "type": "azurerm_container_registry",
      "name": "acr",
      "provider": "provider[\"registry.terraform.io/hashicorp/azurerm\"]",
      "instances": [
        {
          "schema_version": 2,
          "attributes": {
            "admin_enabled": true,
            "admin_password": "EdyrE4zBQ6dYgoYURWTFIDrCHxxtpOCxpLS29MhZSiY3fbCtIn1pJQQJ99CIACL93NaEqg7NAAACAZCRnfzx",
            "admin_username": "acraksweek06",
            "anonymous_pull_enabled": false,
            "azuread_authentication_as_arm_policy_enabled": true,
            "data_endpoint_enabled": false,
            "data_endpoint_host_names": [],
            "encryption": [],
            "export_policy_enabled": true,
            "georeplications": [],
            "id": "/subscriptions/eaddd741-0ff7-4aef-b112-7850e8b2445b/resourceGroups/rg-week06/providers/Microsoft.ContainerRegistry/registries/acraksweek06",
            "identity": [],
            "location": "australiaeast",
            "login_server": "acraksweek06.azurecr.io",
            "name": "acraksweek06",
            "network_rule_bypass_for_tasks_enabled": false,
            "network_rule_bypass_option": "AzureServices",
            "network_rule_set": [],
            "public_network_access_enabled": true,
            "quarantine_policy_enabled": false,
            "resource_group_name": "rg-week06",
            "retention_policy_in_days": 0,
            "role_assignment_mode": "LegacyRegistryPermissions",
            "sku": "Basic",
            "tags": {
              "Environment": "development",
              "ManagedBy": "Terraform",
              "Practical": "Week06",
              "Project": "KoalaTech Course Platform"
            },
            "timeouts": null,
            "trust_policy_enabled": false,
            "zone_redundancy_enabled": false
          },
          "sensitive_attributes": [
            [
              {
                "type": "get_attr",
                "value": "admin_password"
              }
            ]
          ],
          "identity_schema_version": 0,
          "private": "eyJlMmJmYjczMC1lY2FhLTExZTYtOGY4OC0zNDM2M2JjN2M0YzAiOnsiY3JlYXRlIjoxODAwMDAwMDAwMDAwLCJkZWxldGUiOjE4MDAwMDAwMDAwMDAsInJlYWQiOjMwMDAwMDAwMDAwMCwidXBkYXRlIjoxODAwMDAwMDAwMDAwfSwic2NoZW1hX3ZlcnNpb24iOiIyIn0=",
          "dependencies": [
            "azurerm_resource_group.rg"
          ]
        }
      ]
    },
    {
      "mode": "managed",
      "type": "azurerm_kubernetes_cluster",
      "name": "aks",
      "provider": "provider[\"registry.terraform.io/hashicorp/azurerm\"]",
      "instances": [
        {
          "schema_version": 2,
          "attributes": {
            "aci_connector_linux": [],
            "ai_toolchain_operator_enabled": false,
            "api_server_access_profile": [],
            "auto_scaler_profile": [],
            "automatic_upgrade_channel": "",
            "azure_active_directory_role_based_access_control": [],
            "azure_policy_enabled": false,
            "bootstrap_profile": [
              {
                "artifact_source": "Direct",
                "container_registry_id": ""
              }
            ],
            "confidential_computing": [],
            "cost_analysis_enabled": false,
            "current_kubernetes_version": "1.36.1",
            "custom_ca_trust_certificates_base64": null,
            "default_node_pool": [
              {
                "auto_scaling_enabled": false,
                "capacity_reservation_group_id": "",
                "fips_enabled": false,
                "gpu_driver": "",
                "gpu_instance": "",
                "host_encryption_enabled": false,
                "host_group_id": "",
                "kubelet_config": [],
                "kubelet_disk_type": "OS",
                "linux_os_config": [],
                "max_count": 0,
                "max_pods": 250,
                "min_count": 0,
                "name": "default",
                "node_count": 2,
                "node_labels": {},
                "node_network_profile": [],
                "node_public_ip_enabled": false,
                "node_public_ip_prefix_id": "",
                "only_critical_addons_enabled": false,
                "orchestrator_version": "1.36.1",
                "os_disk_size_gb": 128,
                "os_disk_type": "Managed",
                "os_sku": "Ubuntu",
                "pod_subnet_id": "",
                "proximity_placement_group_id": "",
                "scale_down_mode": "Delete",
                "snapshot_id": "",
                "tags": null,
                "temporary_name_for_rotation": "",
                "type": "VirtualMachineScaleSets",
                "ultra_ssd_enabled": false,
                "upgrade_settings": [
                  {
                    "drain_timeout_in_minutes": 0,
                    "max_surge": "10%",
                    "node_soak_duration_in_minutes": 0,
                    "undrainable_node_behavior": ""
                  }
                ],
                "vm_size": "Standard_D2s_v3",
                "vnet_subnet_id": "",
                "workload_runtime": "",
                "zones": null
              }
            ],
            "disk_encryption_set_id": "",
            "dns_prefix": "koalatech",
            "dns_prefix_private_cluster": "",
            "edge_zone": "",
            "fqdn": "koalatech-eh1un3ul.hcp.australiaeast.azmk8s.io",
            "http_application_routing_enabled": false,
            "http_application_routing_zone_name": "",
            "http_proxy_config": [],
            "id": "/subscriptions/eaddd741-0ff7-4aef-b112-7850e8b2445b/resourceGroups/rg-week06/providers/Microsoft.ContainerService/managedClusters/aks-cluster-week06",
            "identity": [
              {
                "identity_ids": null,
                "principal_id": "95dcc3c8-2b84-432d-b09d-8d41243cb539",
                "tenant_id": "d02378ec-1688-46d5-8540-1c28b5f470f6",
                "type": "SystemAssigned"
              }
            ],
            "image_cleaner_enabled": null,
            "image_cleaner_interval_hours": null,
            "ingress_application_gateway": [],
            "key_management_service": [],
            "key_vault_secrets_provider": [],
            "kube_admin_config": [],
            "kube_admin_config_raw": "",
            "kube_config": [
              {
                "client_certificate": "LS0tLS1CRUdJTiBDRVJUSUZJQ0FURS0tLS0tCk1JSUZIVENDQXdXZ0F3SUJBZ0lRZmxBSGNudXpzKzdQb1E3ZjRiZnJwekFOQmdrcWhraUc5dzBCQVFzRkFEQU4KTVFzd0NRWURWUVFERXdKallUQWVGdzB5TmpBNU1qUXdOakV4TVRsYUZ3MHlPREE1TWpRd05qSXhNVGxhTURBeApGekFWQmdOVkJBb1REbk41YzNSbGJUcHRZWE4wWlhKek1SVXdFd1lEVlFRREV3eHRZWE4wWlhKamJHbGxiblF3CmdnSWlNQTBHQ1NxR1NJYjNEUUVCQVFVQUE0SUNEd0F3Z2dJS0FvSUNBUUROK09iaks1aytiUGFmWWt4NmJQQlcKK29LdzRpbG54d0M3aC9lcE1yLzJ2M2dIOWhVOWNzNTE3SXZWWVZsQjE0eTl1NTk0UjVGSVBMZmdUUEs0NFF5LwpONVJkOGRhSFBLbHNETnlGSEQ1dE1TcHVMc2lKMllxN1VHc1RzL1BCNGdHbXRMTnByOG9QbElHUERxUlFhV3VqCkZpYXhTemlhWnZsTkJaeTJCejdkOHh4VFJ5Wk5zZ2UvUmpGKzFCYmJoSmtTcWdQT295NHRISm1Ia0s1NkJhdHoKT0hhSmQ2ODFXRVgzMUpqdjlDME9xTmhNYXNOVDVubEN1ZXNPQjluNExQeG5nY1ZZTmc1Mi9QUG1CZlpOZVZldwpqUlM2SjFBZ2R2ZFI4TGJPcm9WWkRYT1lXdEZORWJSOCtEZDlPcUZaZWJFZnRocGtURFN6dkxRd2RNQmZMaFpZCk5idXh2MHFTUEpxNVJqaUJraHltSXE0bURhbDZSWW9QakRoY0tvaC9BSHRCOGFETy9iRU1QeElQWW0yMHBFSUMKWk1vT1kwMzhKTEhGY3NjQ0xIVXVPdlZ1RmJMV0VEK1FNcTBoKyt2NkxOV29SOW1OSEM0elArb051THJ6dUEzYQpzS3FOZUZFZ292ZzVscHJZUDU4WngxbzZWb25UUk1uekZZcmlsbmNWdEZYY1Q5YWJCTG0wdjhoWjhnZmF5MW03Clp2SytNaDFDYjBybzFwRjZ3VzdiT0R6MGZBVVIxN3UwbzJQTFhpa2VvTjNPZ2pIbFFSVUE1ZVFEbUZOQzgxNzIKaDlWTnp3dDc1TjZxN3FQUWxXdk1VM3BkTHhtMTFrYmFsYm5vUm1tbGxIdHVPcUxEN1h3MW9jNVFwRFg3MW92KwpzVm5pSWVrN0pRWm0wOEF1WG5KbTR3SURBUUFCbzFZd1ZEQU9CZ05WSFE4QkFmOEVCQU1DQmFBd0V3WURWUjBsCkJBd3dDZ1lJS3dZQkJRVUhBd0l3REFZRFZSMFRBUUgvQkFJd0FEQWZCZ05WSFNNRUdEQVdnQlNmeDQxbzJ2eVMKejR3OVdGRFdGTitHNC9oYyt6QU5CZ2txaGtpRzl3MEJBUXNGQUFPQ0FnRUFWM2JHS2JKQlREVHRGb0w3RGg5bgpib01RTCs2a3VxTlA4aTBWcjQzZk0wSXIvTWp5YmpxZ21wM2JscVVNc0pFSXpWMEpBZmZlZjFsR0hSWGx6d25MCnMybmRCZTVkZ0w5VW9JTFFJMnpCQlY1Q3VYZys3MDRoTk1DVmE5SFdna2p6U1gvai9sZ2dxZGs5RXVqUGhZeVcKd0FvQSs3STFqWno3bGV1M3NsWFJaQ081VzVWczhQVkg2VXJVQ0w3dUsyMUdUM2hWZ0NPNklLYnZFTVlxSTFONAp3SHRaRmJKQkhDNzNFc0dGYUZwcHJGRnhiTTBzVWl0eHpIV09ncmt4WUtoWmFEZXJ3S1NiYng5R1BQU2JoK0ZMCmRLcVowTnNxV3RUU3B1WkJoaE54WEtVbnhQbzVLQi9SdUhLeDVSVVIzWUlLVkdSU2NqY2prU1N0cE1rNEN6amQKMFdEOXoxMUtZTU05UlhGbUVRdzlOeFV1V25rbWNNeko0c3VtV3hiNzY1K1YzbHJiQTVTTG01QlNnLzR6dFlSVApxeXNmT2ViaVFXcVE0MVRXSUMxOUZEd0FDbmtSREdjZldINnp2SVRRZlNNQjdDWERpZ09Md1hvSFU5RmNjeVBJClhMYlNHay93RUhhU2VDNDJCL0lJWUMrd0YxYXl6TEpTNlhUT3g2Z0hMWVcvYnlhL0dIYUFDYWl3YjYzK21TV1UKQkk2UUFEWjdxaDM2MEN6Y2ZRNW1YbERhRzhEOWVnREhKMytMT3FodGRJWjNIWXhJQUNWQXFwV3lqNEZjSW1jQQptdWJCSlF4Z0ZKczFNUGs5V3lXNU5zYkJ3N3pDbkF2cG5wUkdrK3g3WEJVUzB5SFptUnJodFVOTzJwYlR0bC82CkRoTzR5RnlRNWV6RHIrYkZsUTJySEFRPQotLS0tLUVORCBDRVJUSUZJQ0FURS0tLS0tCg==",
                "client_key": "LS0tLS1CRUdJTiBSU0EgUFJJVkFURSBLRVktLS0tLQpNSUlKS1FJQkFBS0NBZ0VBemZqbTR5dVpQbXoybjJKTWVtendWdnFDc09JcFo4Y0F1NGYzcVRLLzlyOTRCL1lWClBYTE9kZXlMMVdGWlFkZU12YnVmZUVlUlNEeTM0RXp5dU9FTXZ6ZVVYZkhXaHp5cGJBemNoUncrYlRFcWJpN0kKaWRtS3UxQnJFN1B6d2VJQnByU3phYS9LRDVTQmp3NmtVR2xyb3hZbXNVczRtbWI1VFFXY3RnYyszZk1jVTBjbQpUYklIdjBZeGZ0UVcyNFNaRXFvRHpxTXVMUnlaaDVDdWVnV3JjemgyaVhldk5WaEY5OVNZNy9RdERxallUR3JEClUrWjVRcm5yRGdmWitDejhaNEhGV0RZT2R2eno1Z1gyVFhsWHNJMFV1aWRRSUhiM1VmQzJ6cTZGV1Exem1GclIKVFJHMGZQZzNmVHFoV1hteEg3WWFaRXcwczd5ME1IVEFYeTRXV0RXN3NiOUtranlhdVVZNGdaSWNwaUt1SmcycApla1dLRDR3NFhDcUlmd0I3UWZHZ3p2MnhERDhTRDJKdHRLUkNBbVRLRG1OTi9DU3h4WExIQWl4MUxqcjFiaFd5CjFoQS9rREt0SWZ2citpelZxRWZaalJ3dU16L3FEYmk2ODdnTjJyQ3FqWGhSSUtMNE9aYWEyRCtmR2NkYU9sYUoKMDBUSjh4V0s0cFozRmJSVjNFL1dtd1M1dEwvSVdmSUgyc3RadTJieXZqSWRRbTlLNk5hUmVzRnUyemc4OUh3RgpFZGU3dEtOankxNHBIcURkem9JeDVVRVZBT1hrQTVoVFF2TmU5b2ZWVGM4TGUrVGVxdTZqMEpWcnpGTjZYUzhaCnRkWkcycFc1NkVacHBaUjdianFpdysxOE5hSE9VS1ExKzlhTC9yRlo0aUhwT3lVR1p0UEFMbDV5WnVNQ0F3RUEKQVFLQ0FnQkZtWWxma3pCMXpUa3JFM3JYVmErREhLU0Q0L0JzM215TGNmOElvQnNJNUp0SlNXalUrbEgwdkNsbQpRYjU1QnI3S3NEZExYQmVtS3NwUmszN2paVHk2OHF1Q2NVRjJNbFBuckpMcHNla1FXYkJHU2kyK2t4R1RpVEdkCmwwM1RvcXkvS2NtRWVYL1VjdkN5cUJaekM2UnhGLytjSWxodXFFUXV1Q3BEd2tBR25PdGg0cVY1VktMVWlnSVkKb3M5VWYwS0FjWTNXeWdKRkFTaUtEQ1JCSEdCYWoyWlN2bXdvb1BzSHEwSEF0Nmh3RHpNRDQ0RzhmS0ZXSUYvaQp2bGx6eUxQRHdEQ3d4WmR1c3J3eDZxclhkQnpqRGxGR05CbVoxc2xzMldQVWhGbVFCWUVkcHZhWnpkVkk4MUZBCjBrcUtZeG9zcG9yVmdJREFpWS96M2NmUmdjL1BoSTdyZFYzckdBTXYrV2dKMC8vOTlHMW5YWjV0NW9MaG05N2gKVmppZGo1UTlJV0hoTDY4elE5N3FJdDZTVE5hdUdacVFuaHB4YmR4Qjl3aWtpbFovaUJEcUMzR1JKNEVwRU5OaApwTmJFMEpCMUJsVE5NeXpWcWZUTlJRN0ZjQXN4eVR6RFdLbk4vZFVvOGwwVjF0b0NuZmZEUWtxZ1Noakt1MHhMCnNhYWF6L054RHVBZmg4LzQzaitvd1k3OFIyb1dsaDB1cHpHQkxvMVZCRUs4S3dyWHdDZDlWUE5oVFpMKzN4bUQKaXpLVXQxLzBMSzZmVVc4OVUxMTNYWHplY25iZVBqbzZmWXZMczB1UWJqY2dOd3AzaE9TOXU1U0psOElCdEEybQpadm1XN0FYQ3Rra2RrNi9KTVA3RUpZcmFRUEFrbXRiRXhyT1JwZXhiZi83YVkxQlM2UUtDQVFFQTNQSlNTeUNKCmdKaVMzSmJQS1Zuc1U0d3VnZ3puVDEwd1VJdFVzSkRiaXRMZi9ndzlQQjR0SFlWNFoxUWxhOGVBdEk0ZDFVelIKbmhkZTRTaHZBb3FONTdEc1VZbWNlZTUyV2NJeHBuV3ZqUUJKM0IwMEV5MnBscVMrTmo5N1VvWnc1OGk1WXgrVQpodTZvcnFoa2tteUoxUHpVSHl4SFJ3R1FJTzlrRlV6S0tiT09hbWh0bFJ5YmNDbzlUdjJZSkJyK3lQNzBSaXgwCi9jTWhHcEpGSEpKaXorbDRRTU15bDh0NWZiaFBZMUdXeU1hV0EyZ2Y2UklLSE5oT1ZqaHdPVjMrMTlDUnl5QXAKMHo3a2o3c3BST2FoRHR0RmJkRzlKSUFtWFlTTGRPbHIzTzlxN29Tb1JhZWd6YnRFaDEzc1BldVd4c0FJNVdBUQp4OVVObXpFZnRyNnUyUUtDQVFFQTdxWm5hTkhQTUtJUjYrM1Q2TTViQ1Q3NUluUVhUbEoycEZQd3V5dnJ0UEJqCkN1RVZaOHVFQ0VodE9wMEZ4N1RBZlhrQW1SRVNla2lza29DbE9IVmJ0MmxucEhyVXZOa2VyZll5MFcvMTdyNTYKcTRDUXV5aENhMzYyNkxCVCtxOVpVWUlXbXVxMlVDdTZabXI4Rlkvbk5QeHFMN3k1ZERJZGozREdURWxuT2hUawpURzFWcnJ5TklncllKYzJSSW5za29YZ2NxY09jU01nVFhTOTJJTFBSQ0JmRjBSZ3NLNEM0RC93YmM4QlpKZnE3CkVCazlUbDA1LzgwNVhCRE5MSWtsaTIwSmVDVWcvQUtDNFhpNFFtbzlVSTlSWGFxUVhsMVFEdHJFbi9wekYrS1cKanZueHhyekdienpnRGVXajhQQ1JVQXBuOWhSMjBrVi9rcGhLQjlmbUd3S0NBUUVBeXZRc2M2WW5xR0IrUnZLZwp5TE01U21WeU16UDNKZ2ZMNGJDYTByVzlkUC9Qa1dWY3VtUmR2TWhsbVVUS092Ni9VeHRZZkI1Y1RvUFpPNm9RCmpwMEhUTlJQdjNaUXJoQkYxcDF6VGh5OGJTRGV0N3A3bzBKR2pZSTIxMDNvMGgxOGlPenduZ1RjUWpYbjdNZngKMmk2cFRXUVExYkd1cDZMZjZlRDhaalJyWDNMNFZ2WWw4dHFjVGFQL1BSZmxNUVU3RlJaYy9EaktIbStuY09qNwpZd3QwaU5kRkJ2aEcrUGlIV054ODBCYWFFME9YZVBta2xrdGp6cXREQ2lBOXRmU0pxMlNEQjdzN3NEZ05hNW5ZCmh0bnpCOXFUSkJXTlVJSUd1OUNNNlkrZzdRbGZpRW1DNkxqYUZTRDRDZ0JVaVd4bXk1cUtrV2gxQVpyTExNc3EKL29xWndRS0NBUUI0L3A4Uk1zYVVCcWVGY1dmdDhhbVFMNEJLYW9kaWEwYkJtOWxDWEVzOXlsNjhwaytlOXp6eQpvaDNYQ01Oa2RBemYwSmh3QW9yV3VyL2I2eU5aVTQ3emw1bzNkeHNpd0FYZzl5RGV0S0FBc2t3cFpaNTdkVGJ2Cm55Z0hJMWNBa3lSNndiVEtTRk8wbytiMmhDbFltVVFFeGpEa0VSQUpqRnNXWFh2OE0zOEZvSS82Kzdma1JxNWIKWXhvaFdHN01CNWtUMEh6ZnlWQVVTblFlMjdCTmRqMTFsKy93U2d3aTVqanJ5Y3IxVGNFbEUxRUNJWG5Hb0ZlRwpqTHNYSldHUXdkdnFLNWNRZGVxYU9uKzI1dWlzcTRaNHNLRDFGMFBvdy9DU0IzS0hGWWlDeEp2RzA0dzBVWU5kCjVJUklKM1NOOUxvSDFhN053YVJZaVduYm5pQnloNUNmQW9JQkFRQ3VOc2R4SnFQekJOREZXWkV4cDRXa3VkcE4KOVd2QXhGSENFY3U0WFhqajhPQjZvNi9IOVJzcVFXZVlBVytkbEJjMjVMc0JmSmsxcGpEbmlhYXVwbUh6eDQzbwpLL2M0aDNoUXkxRm45TUhKWXVMK2lWK2xqeEVmdHFpdkZHMFFzOVlMZ0E5cVBtZzZXQkw5Y3orL1RVYzlMdWw2CittWUlxRDVNZEdXZ05iY0x1WTU3VzlVOEtjWStIdERBQk0xNVBobU1jNzBRa05FamtYVnVLWng4Q2tVakpUT04KeWorL2Y4cklDbHZ5RkNNNGxpRnpKK2RqekQ1cXV0YVhCYWRQNFhUaFBwY0N6RGdabkRZbk16cWxzWWEwa0tjVgpnWHh6MFJGL1BmZHl6ZnVNV0cwZzZRdk5kSGRIbWNmZkRrc2grOUhzaXk3U3pRRGNTUFVaRGRMR3U2eG4KLS0tLS1FTkQgUlNBIFBSSVZBVEUgS0VZLS0tLS0K",
                "cluster_ca_certificate": "LS0tLS1CRUdJTiBDRVJUSUZJQ0FURS0tLS0tCk1JSUU2RENDQXRDZ0F3SUJBZ0lRWC8wbnh1cE4xYlpOYjJibXNkRFh1VEFOQmdrcWhraUc5dzBCQVFzRkFEQU4KTVFzd0NRWURWUVFERXdKallUQWdGdzB5TmpBNU1qUXdOakV4TVRsYUdBOHlNRFUyTURreU5EQTJNakV4T1ZvdwpEVEVMTUFrR0ExVUVBeE1DWTJFd2dnSWlNQTBHQ1NxR1NJYjNEUUVCQVFVQUE0SUNEd0F3Z2dJS0FvSUNBUUM1CkVabjVRM09kVWVwa3FUMnlwM0xQQWpXTjJLelFMOVNqeGlQY2sxdTZ4V0RPak4yTFY4KzVuSzFydWMrZ3MxMHgKNXBIS0J0WEZ5Yk5oRHY4bmdWTU5wSDRtWVRWRmkrRUtacmJNaUVPYjhTQnJydTlydWNTWUwrNWZJeWVrdVYxUQpDMHorajYrMm8yQlhaaTJLK04rRW1DYU5Ib3lkeEZwbHNzUXcyZWtEQ2MxOVpsNkV4cUxnRElxai8vK2k3M1UwCmw1aHRPQXRXVmhxbmsrbXNjN2s5U2tCcCtuWEJQQVhBSXFZMkpoU1BQeGc2c2l1YjArVktGZGVML3pENEQrMFIKOEdLckhNN2tUeG56eW5ySWlmV1E4U1NaWURqM0pCR3BReFZwdWk5N3N2ZWlzZVo3SXdud2l1V0kzdCtvbVlycAp3RGxydUh6VkN4MW1uQjZuZ2JCTUdid0FYY2JybkZ1SE9PNFFWYnRHUzRBejZhKzVWM2hGZEpBSFRDbEQ0NW4yClBlNEtoSlM0dzF4WWxsK3c1cG5YcDF0OWZlSnR0UER3bVFLZTB5MEpVVzRQVXNDNGtydUJTRGtXVVkyUDFMakkKdTRWRFRrMVpEa2E0TEpOSFFNMkpnMEVWZmVjWjgzVlI5K0hQUlBDU3QrQmloU1MxQ2w4RmtpVCttOStuRkcwcApoWGlHVHNvMjJXMVltdzgwSWdOUXV4dDhwdVBtM3htZ2NiS2ZUaW9UREpOZU0rMis4ZnNQNXpremJGNU1oNUNhCjFPRFNkV1F2NlNZSXQvQ0U5UkNEcnhwWFJXNVd5U2Y5SDE2VzBkL0FyakdveWFaMThTemlRK2ZrazRWNnNueXYKSUdjYWVrTDZ1eWVtZklaS2ExNTQxNGNteTJvdlpVWWUzbm8zbW5oMEh3SURBUUFCbzBJd1FEQU9CZ05WSFE4QgpBZjhFQkFNQ0FxUXdEd1lEVlIwVEFRSC9CQVV3QXdFQi96QWRCZ05WSFE0RUZnUVVuOGVOYU5yOGtzK01QVmhRCjFoVGZodVA0WFBzd0RRWUpLb1pJaHZjTkFRRUxCUUFEZ2dJQkFIU21EanBKYUZtMk9jQ1Y5U2hSaXl6VFBKaTkKRW5QbHo3VzdHRWJHT0ZSczRRUUh4dDNOYVZPNzNyWEJGZGI2bGRGSE9kTEQ4MFNTcGN1ang1bXBXMmNFTjZ2eApGTWcyL2xjYjhqQXhtUzlNaXBDbTh6Mm5PSDdVaDNOSXd5RFJSZ3BNYVRlb1RZckRaRHpxMW1GeTJWRmRVNW9NCm9QUXVFVWhuY2pZdFdBbHdJK0V5eEFjRXRRUmtES3FkZ1p4SkZiUlpoVWhjb3k3OWRFL1NoL3JlbGpiRkcyeXgKbHFLWjF4alI0ZXIvVFBFRnI5WEZjaW9VSVVvUTlMRWNQcitVMnkzTUFqYVVvcGtzcHU5Skt1SGZvZ1pUOUc1aApnODBaN1JCMFhRWFhhV3AzM1NrdnVSN2xKTlI3dTBjZE5CTS9vQnIwNzdKd1NCNkZhaHNKMGRmNHZTVlhzOXkxClVuVGRaVVA4Rmp3MkhmWG93VW5qTEN2OXIwbUtKU09heUw4T3grRjVlMDdKaUNwaVVqWEJTVnI4S05GWFFtOHcKYlcyMWN4UXNYZDc4aDJmdytWWjAvbXZIMjBndU5vT0Joam54dC9EbERMTnEvdjhxZFhHREd4S3Rrak5kbG5DMgpDSHY1RnlGKzlQSnA5UXRtQXNFYVZUMGJoZm5nUWdxOVdpNXowMXRKQ1hYZWc3ZktrZkJnZVdwdnp3UzlmRWFXCjZXVjdGVkFkUzZUOHhxb1FwVTJUcmE5dHBvTVNlM1FLODB5N2VvRSs4Z3hpS2dhQ3RveTg1d3dXbUpvYklmTVEKTDVkQm51elYwTWlhNFhLdlVLenNhZStFWTJiUWJ1NWtNSWNpQ0ZSMWJKSmZiN0ZDVkJVbWwzMFhZaTNkVCtRUApLT3E1L1p2K1l2Q3BGRzIrCi0tLS0tRU5EIENFUlRJRklDQVRFLS0tLS0K",
                "host": "https://koalatech-eh1un3ul.hcp.australiaeast.azmk8s.io:443",
                "password": "pau0rkb21x9gbce2aoaxn6wv2jj31px6nezfx3h24tqk7qo0kzbfsxpcnjdb93ity46ijr1b4os2cvdjklcd6tlqxekalglnscevqhpzzdjhjq2n00a5p0aii6pyo1ea",
                "username": "clusterUser_rg-week06_aks-cluster-week06"
              }
            ],
            "kube_config_raw": "apiVersion: v1\nclusters:\n- cluster:\n    certificate-authority-data: LS0tLS1CRUdJTiBDRVJUSUZJQ0FURS0tLS0tCk1JSUU2RENDQXRDZ0F3SUJBZ0lRWC8wbnh1cE4xYlpOYjJibXNkRFh1VEFOQmdrcWhraUc5dzBCQVFzRkFEQU4KTVFzd0NRWURWUVFERXdKallUQWdGdzB5TmpBNU1qUXdOakV4TVRsYUdBOHlNRFUyTURreU5EQTJNakV4T1ZvdwpEVEVMTUFrR0ExVUVBeE1DWTJFd2dnSWlNQTBHQ1NxR1NJYjNEUUVCQVFVQUE0SUNEd0F3Z2dJS0FvSUNBUUM1CkVabjVRM09kVWVwa3FUMnlwM0xQQWpXTjJLelFMOVNqeGlQY2sxdTZ4V0RPak4yTFY4KzVuSzFydWMrZ3MxMHgKNXBIS0J0WEZ5Yk5oRHY4bmdWTU5wSDRtWVRWRmkrRUtacmJNaUVPYjhTQnJydTlydWNTWUwrNWZJeWVrdVYxUQpDMHorajYrMm8yQlhaaTJLK04rRW1DYU5Ib3lkeEZwbHNzUXcyZWtEQ2MxOVpsNkV4cUxnRElxai8vK2k3M1UwCmw1aHRPQXRXVmhxbmsrbXNjN2s5U2tCcCtuWEJQQVhBSXFZMkpoU1BQeGc2c2l1YjArVktGZGVML3pENEQrMFIKOEdLckhNN2tUeG56eW5ySWlmV1E4U1NaWURqM0pCR3BReFZwdWk5N3N2ZWlzZVo3SXdud2l1V0kzdCtvbVlycAp3RGxydUh6VkN4MW1uQjZuZ2JCTUdid0FYY2JybkZ1SE9PNFFWYnRHUzRBejZhKzVWM2hGZEpBSFRDbEQ0NW4yClBlNEtoSlM0dzF4WWxsK3c1cG5YcDF0OWZlSnR0UER3bVFLZTB5MEpVVzRQVXNDNGtydUJTRGtXVVkyUDFMakkKdTRWRFRrMVpEa2E0TEpOSFFNMkpnMEVWZmVjWjgzVlI5K0hQUlBDU3QrQmloU1MxQ2w4RmtpVCttOStuRkcwcApoWGlHVHNvMjJXMVltdzgwSWdOUXV4dDhwdVBtM3htZ2NiS2ZUaW9UREpOZU0rMis4ZnNQNXpremJGNU1oNUNhCjFPRFNkV1F2NlNZSXQvQ0U5UkNEcnhwWFJXNVd5U2Y5SDE2VzBkL0FyakdveWFaMThTemlRK2ZrazRWNnNueXYKSUdjYWVrTDZ1eWVtZklaS2ExNTQxNGNteTJvdlpVWWUzbm8zbW5oMEh3SURBUUFCbzBJd1FEQU9CZ05WSFE4QgpBZjhFQkFNQ0FxUXdEd1lEVlIwVEFRSC9CQVV3QXdFQi96QWRCZ05WSFE0RUZnUVVuOGVOYU5yOGtzK01QVmhRCjFoVGZodVA0WFBzd0RRWUpLb1pJaHZjTkFRRUxCUUFEZ2dJQkFIU21EanBKYUZtMk9jQ1Y5U2hSaXl6VFBKaTkKRW5QbHo3VzdHRWJHT0ZSczRRUUh4dDNOYVZPNzNyWEJGZGI2bGRGSE9kTEQ4MFNTcGN1ang1bXBXMmNFTjZ2eApGTWcyL2xjYjhqQXhtUzlNaXBDbTh6Mm5PSDdVaDNOSXd5RFJSZ3BNYVRlb1RZckRaRHpxMW1GeTJWRmRVNW9NCm9QUXVFVWhuY2pZdFdBbHdJK0V5eEFjRXRRUmtES3FkZ1p4SkZiUlpoVWhjb3k3OWRFL1NoL3JlbGpiRkcyeXgKbHFLWjF4alI0ZXIvVFBFRnI5WEZjaW9VSVVvUTlMRWNQcitVMnkzTUFqYVVvcGtzcHU5Skt1SGZvZ1pUOUc1aApnODBaN1JCMFhRWFhhV3AzM1NrdnVSN2xKTlI3dTBjZE5CTS9vQnIwNzdKd1NCNkZhaHNKMGRmNHZTVlhzOXkxClVuVGRaVVA4Rmp3MkhmWG93VW5qTEN2OXIwbUtKU09heUw4T3grRjVlMDdKaUNwaVVqWEJTVnI4S05GWFFtOHcKYlcyMWN4UXNYZDc4aDJmdytWWjAvbXZIMjBndU5vT0Joam54dC9EbERMTnEvdjhxZFhHREd4S3Rrak5kbG5DMgpDSHY1RnlGKzlQSnA5UXRtQXNFYVZUMGJoZm5nUWdxOVdpNXowMXRKQ1hYZWc3ZktrZkJnZVdwdnp3UzlmRWFXCjZXVjdGVkFkUzZUOHhxb1FwVTJUcmE5dHBvTVNlM1FLODB5N2VvRSs4Z3hpS2dhQ3RveTg1d3dXbUpvYklmTVEKTDVkQm51elYwTWlhNFhLdlVLenNhZStFWTJiUWJ1NWtNSWNpQ0ZSMWJKSmZiN0ZDVkJVbWwzMFhZaTNkVCtRUApLT3E1L1p2K1l2Q3BGRzIrCi0tLS0tRU5EIENFUlRJRklDQVRFLS0tLS0K\n    server: https://koalatech-eh1un3ul.hcp.australiaeast.azmk8s.io:443\n  name: aks-cluster-week06\ncontexts:\n- context:\n    cluster: aks-cluster-week06\n    user: clusterUser_rg-week06_aks-cluster-week06\n  name: aks-cluster-week06\ncurrent-context: aks-cluster-week06\nkind: Config\nusers:\n- name: clusterUser_rg-week06_aks-cluster-week06\n  user:\n    client-certificate-data: LS0tLS1CRUdJTiBDRVJUSUZJQ0FURS0tLS0tCk1JSUZIVENDQXdXZ0F3SUJBZ0lRZmxBSGNudXpzKzdQb1E3ZjRiZnJwekFOQmdrcWhraUc5dzBCQVFzRkFEQU4KTVFzd0NRWURWUVFERXdKallUQWVGdzB5TmpBNU1qUXdOakV4TVRsYUZ3MHlPREE1TWpRd05qSXhNVGxhTURBeApGekFWQmdOVkJBb1REbk41YzNSbGJUcHRZWE4wWlhKek1SVXdFd1lEVlFRREV3eHRZWE4wWlhKamJHbGxiblF3CmdnSWlNQTBHQ1NxR1NJYjNEUUVCQVFVQUE0SUNEd0F3Z2dJS0FvSUNBUUROK09iaks1aytiUGFmWWt4NmJQQlcKK29LdzRpbG54d0M3aC9lcE1yLzJ2M2dIOWhVOWNzNTE3SXZWWVZsQjE0eTl1NTk0UjVGSVBMZmdUUEs0NFF5LwpONVJkOGRhSFBLbHNETnlGSEQ1dE1TcHVMc2lKMllxN1VHc1RzL1BCNGdHbXRMTnByOG9QbElHUERxUlFhV3VqCkZpYXhTemlhWnZsTkJaeTJCejdkOHh4VFJ5Wk5zZ2UvUmpGKzFCYmJoSmtTcWdQT295NHRISm1Ia0s1NkJhdHoKT0hhSmQ2ODFXRVgzMUpqdjlDME9xTmhNYXNOVDVubEN1ZXNPQjluNExQeG5nY1ZZTmc1Mi9QUG1CZlpOZVZldwpqUlM2SjFBZ2R2ZFI4TGJPcm9WWkRYT1lXdEZORWJSOCtEZDlPcUZaZWJFZnRocGtURFN6dkxRd2RNQmZMaFpZCk5idXh2MHFTUEpxNVJqaUJraHltSXE0bURhbDZSWW9QakRoY0tvaC9BSHRCOGFETy9iRU1QeElQWW0yMHBFSUMKWk1vT1kwMzhKTEhGY3NjQ0xIVXVPdlZ1RmJMV0VEK1FNcTBoKyt2NkxOV29SOW1OSEM0elArb051THJ6dUEzYQpzS3FOZUZFZ292ZzVscHJZUDU4WngxbzZWb25UUk1uekZZcmlsbmNWdEZYY1Q5YWJCTG0wdjhoWjhnZmF5MW03Clp2SytNaDFDYjBybzFwRjZ3VzdiT0R6MGZBVVIxN3UwbzJQTFhpa2VvTjNPZ2pIbFFSVUE1ZVFEbUZOQzgxNzIKaDlWTnp3dDc1TjZxN3FQUWxXdk1VM3BkTHhtMTFrYmFsYm5vUm1tbGxIdHVPcUxEN1h3MW9jNVFwRFg3MW92KwpzVm5pSWVrN0pRWm0wOEF1WG5KbTR3SURBUUFCbzFZd1ZEQU9CZ05WSFE4QkFmOEVCQU1DQmFBd0V3WURWUjBsCkJBd3dDZ1lJS3dZQkJRVUhBd0l3REFZRFZSMFRBUUgvQkFJd0FEQWZCZ05WSFNNRUdEQVdnQlNmeDQxbzJ2eVMKejR3OVdGRFdGTitHNC9oYyt6QU5CZ2txaGtpRzl3MEJBUXNGQUFPQ0FnRUFWM2JHS2JKQlREVHRGb0w3RGg5bgpib01RTCs2a3VxTlA4aTBWcjQzZk0wSXIvTWp5YmpxZ21wM2JscVVNc0pFSXpWMEpBZmZlZjFsR0hSWGx6d25MCnMybmRCZTVkZ0w5VW9JTFFJMnpCQlY1Q3VYZys3MDRoTk1DVmE5SFdna2p6U1gvai9sZ2dxZGs5RXVqUGhZeVcKd0FvQSs3STFqWno3bGV1M3NsWFJaQ081VzVWczhQVkg2VXJVQ0w3dUsyMUdUM2hWZ0NPNklLYnZFTVlxSTFONAp3SHRaRmJKQkhDNzNFc0dGYUZwcHJGRnhiTTBzVWl0eHpIV09ncmt4WUtoWmFEZXJ3S1NiYng5R1BQU2JoK0ZMCmRLcVowTnNxV3RUU3B1WkJoaE54WEtVbnhQbzVLQi9SdUhLeDVSVVIzWUlLVkdSU2NqY2prU1N0cE1rNEN6amQKMFdEOXoxMUtZTU05UlhGbUVRdzlOeFV1V25rbWNNeko0c3VtV3hiNzY1K1YzbHJiQTVTTG01QlNnLzR6dFlSVApxeXNmT2ViaVFXcVE0MVRXSUMxOUZEd0FDbmtSREdjZldINnp2SVRRZlNNQjdDWERpZ09Md1hvSFU5RmNjeVBJClhMYlNHay93RUhhU2VDNDJCL0lJWUMrd0YxYXl6TEpTNlhUT3g2Z0hMWVcvYnlhL0dIYUFDYWl3YjYzK21TV1UKQkk2UUFEWjdxaDM2MEN6Y2ZRNW1YbERhRzhEOWVnREhKMytMT3FodGRJWjNIWXhJQUNWQXFwV3lqNEZjSW1jQQptdWJCSlF4Z0ZKczFNUGs5V3lXNU5zYkJ3N3pDbkF2cG5wUkdrK3g3WEJVUzB5SFptUnJodFVOTzJwYlR0bC82CkRoTzR5RnlRNWV6RHIrYkZsUTJySEFRPQotLS0tLUVORCBDRVJUSUZJQ0FURS0tLS0tCg==\n    client-key-data: LS0tLS1CRUdJTiBSU0EgUFJJVkFURSBLRVktLS0tLQpNSUlKS1FJQkFBS0NBZ0VBemZqbTR5dVpQbXoybjJKTWVtendWdnFDc09JcFo4Y0F1NGYzcVRLLzlyOTRCL1lWClBYTE9kZXlMMVdGWlFkZU12YnVmZUVlUlNEeTM0RXp5dU9FTXZ6ZVVYZkhXaHp5cGJBemNoUncrYlRFcWJpN0kKaWRtS3UxQnJFN1B6d2VJQnByU3phYS9LRDVTQmp3NmtVR2xyb3hZbXNVczRtbWI1VFFXY3RnYyszZk1jVTBjbQpUYklIdjBZeGZ0UVcyNFNaRXFvRHpxTXVMUnlaaDVDdWVnV3JjemgyaVhldk5WaEY5OVNZNy9RdERxallUR3JEClUrWjVRcm5yRGdmWitDejhaNEhGV0RZT2R2eno1Z1gyVFhsWHNJMFV1aWRRSUhiM1VmQzJ6cTZGV1Exem1GclIKVFJHMGZQZzNmVHFoV1hteEg3WWFaRXcwczd5ME1IVEFYeTRXV0RXN3NiOUtranlhdVVZNGdaSWNwaUt1SmcycApla1dLRDR3NFhDcUlmd0I3UWZHZ3p2MnhERDhTRDJKdHRLUkNBbVRLRG1OTi9DU3h4WExIQWl4MUxqcjFiaFd5CjFoQS9rREt0SWZ2citpelZxRWZaalJ3dU16L3FEYmk2ODdnTjJyQ3FqWGhSSUtMNE9aYWEyRCtmR2NkYU9sYUoKMDBUSjh4V0s0cFozRmJSVjNFL1dtd1M1dEwvSVdmSUgyc3RadTJieXZqSWRRbTlLNk5hUmVzRnUyemc4OUh3RgpFZGU3dEtOankxNHBIcURkem9JeDVVRVZBT1hrQTVoVFF2TmU5b2ZWVGM4TGUrVGVxdTZqMEpWcnpGTjZYUzhaCnRkWkcycFc1NkVacHBaUjdianFpdysxOE5hSE9VS1ExKzlhTC9yRlo0aUhwT3lVR1p0UEFMbDV5WnVNQ0F3RUEKQVFLQ0FnQkZtWWxma3pCMXpUa3JFM3JYVmErREhLU0Q0L0JzM215TGNmOElvQnNJNUp0SlNXalUrbEgwdkNsbQpRYjU1QnI3S3NEZExYQmVtS3NwUmszN2paVHk2OHF1Q2NVRjJNbFBuckpMcHNla1FXYkJHU2kyK2t4R1RpVEdkCmwwM1RvcXkvS2NtRWVYL1VjdkN5cUJaekM2UnhGLytjSWxodXFFUXV1Q3BEd2tBR25PdGg0cVY1VktMVWlnSVkKb3M5VWYwS0FjWTNXeWdKRkFTaUtEQ1JCSEdCYWoyWlN2bXdvb1BzSHEwSEF0Nmh3RHpNRDQ0RzhmS0ZXSUYvaQp2bGx6eUxQRHdEQ3d4WmR1c3J3eDZxclhkQnpqRGxGR05CbVoxc2xzMldQVWhGbVFCWUVkcHZhWnpkVkk4MUZBCjBrcUtZeG9zcG9yVmdJREFpWS96M2NmUmdjL1BoSTdyZFYzckdBTXYrV2dKMC8vOTlHMW5YWjV0NW9MaG05N2gKVmppZGo1UTlJV0hoTDY4elE5N3FJdDZTVE5hdUdacVFuaHB4YmR4Qjl3aWtpbFovaUJEcUMzR1JKNEVwRU5OaApwTmJFMEpCMUJsVE5NeXpWcWZUTlJRN0ZjQXN4eVR6RFdLbk4vZFVvOGwwVjF0b0NuZmZEUWtxZ1Noakt1MHhMCnNhYWF6L054RHVBZmg4LzQzaitvd1k3OFIyb1dsaDB1cHpHQkxvMVZCRUs4S3dyWHdDZDlWUE5oVFpMKzN4bUQKaXpLVXQxLzBMSzZmVVc4OVUxMTNYWHplY25iZVBqbzZmWXZMczB1UWJqY2dOd3AzaE9TOXU1U0psOElCdEEybQpadm1XN0FYQ3Rra2RrNi9KTVA3RUpZcmFRUEFrbXRiRXhyT1JwZXhiZi83YVkxQlM2UUtDQVFFQTNQSlNTeUNKCmdKaVMzSmJQS1Zuc1U0d3VnZ3puVDEwd1VJdFVzSkRiaXRMZi9ndzlQQjR0SFlWNFoxUWxhOGVBdEk0ZDFVelIKbmhkZTRTaHZBb3FONTdEc1VZbWNlZTUyV2NJeHBuV3ZqUUJKM0IwMEV5MnBscVMrTmo5N1VvWnc1OGk1WXgrVQpodTZvcnFoa2tteUoxUHpVSHl4SFJ3R1FJTzlrRlV6S0tiT09hbWh0bFJ5YmNDbzlUdjJZSkJyK3lQNzBSaXgwCi9jTWhHcEpGSEpKaXorbDRRTU15bDh0NWZiaFBZMUdXeU1hV0EyZ2Y2UklLSE5oT1ZqaHdPVjMrMTlDUnl5QXAKMHo3a2o3c3BST2FoRHR0RmJkRzlKSUFtWFlTTGRPbHIzTzlxN29Tb1JhZWd6YnRFaDEzc1BldVd4c0FJNVdBUQp4OVVObXpFZnRyNnUyUUtDQVFFQTdxWm5hTkhQTUtJUjYrM1Q2TTViQ1Q3NUluUVhUbEoycEZQd3V5dnJ0UEJqCkN1RVZaOHVFQ0VodE9wMEZ4N1RBZlhrQW1SRVNla2lza29DbE9IVmJ0MmxucEhyVXZOa2VyZll5MFcvMTdyNTYKcTRDUXV5aENhMzYyNkxCVCtxOVpVWUlXbXVxMlVDdTZabXI4Rlkvbk5QeHFMN3k1ZERJZGozREdURWxuT2hUawpURzFWcnJ5TklncllKYzJSSW5za29YZ2NxY09jU01nVFhTOTJJTFBSQ0JmRjBSZ3NLNEM0RC93YmM4QlpKZnE3CkVCazlUbDA1LzgwNVhCRE5MSWtsaTIwSmVDVWcvQUtDNFhpNFFtbzlVSTlSWGFxUVhsMVFEdHJFbi9wekYrS1cKanZueHhyekdienpnRGVXajhQQ1JVQXBuOWhSMjBrVi9rcGhLQjlmbUd3S0NBUUVBeXZRc2M2WW5xR0IrUnZLZwp5TE01U21WeU16UDNKZ2ZMNGJDYTByVzlkUC9Qa1dWY3VtUmR2TWhsbVVUS092Ni9VeHRZZkI1Y1RvUFpPNm9RCmpwMEhUTlJQdjNaUXJoQkYxcDF6VGh5OGJTRGV0N3A3bzBKR2pZSTIxMDNvMGgxOGlPenduZ1RjUWpYbjdNZngKMmk2cFRXUVExYkd1cDZMZjZlRDhaalJyWDNMNFZ2WWw4dHFjVGFQL1BSZmxNUVU3RlJaYy9EaktIbStuY09qNwpZd3QwaU5kRkJ2aEcrUGlIV054ODBCYWFFME9YZVBta2xrdGp6cXREQ2lBOXRmU0pxMlNEQjdzN3NEZ05hNW5ZCmh0bnpCOXFUSkJXTlVJSUd1OUNNNlkrZzdRbGZpRW1DNkxqYUZTRDRDZ0JVaVd4bXk1cUtrV2gxQVpyTExNc3EKL29xWndRS0NBUUI0L3A4Uk1zYVVCcWVGY1dmdDhhbVFMNEJLYW9kaWEwYkJtOWxDWEVzOXlsNjhwaytlOXp6eQpvaDNYQ01Oa2RBemYwSmh3QW9yV3VyL2I2eU5aVTQ3emw1bzNkeHNpd0FYZzl5RGV0S0FBc2t3cFpaNTdkVGJ2Cm55Z0hJMWNBa3lSNndiVEtTRk8wbytiMmhDbFltVVFFeGpEa0VSQUpqRnNXWFh2OE0zOEZvSS82Kzdma1JxNWIKWXhvaFdHN01CNWtUMEh6ZnlWQVVTblFlMjdCTmRqMTFsKy93U2d3aTVqanJ5Y3IxVGNFbEUxRUNJWG5Hb0ZlRwpqTHNYSldHUXdkdnFLNWNRZGVxYU9uKzI1dWlzcTRaNHNLRDFGMFBvdy9DU0IzS0hGWWlDeEp2RzA0dzBVWU5kCjVJUklKM1NOOUxvSDFhN053YVJZaVduYm5pQnloNUNmQW9JQkFRQ3VOc2R4SnFQekJOREZXWkV4cDRXa3VkcE4KOVd2QXhGSENFY3U0WFhqajhPQjZvNi9IOVJzcVFXZVlBVytkbEJjMjVMc0JmSmsxcGpEbmlhYXVwbUh6eDQzbwpLL2M0aDNoUXkxRm45TUhKWXVMK2lWK2xqeEVmdHFpdkZHMFFzOVlMZ0E5cVBtZzZXQkw5Y3orL1RVYzlMdWw2CittWUlxRDVNZEdXZ05iY0x1WTU3VzlVOEtjWStIdERBQk0xNVBobU1jNzBRa05FamtYVnVLWng4Q2tVakpUT04KeWorL2Y4cklDbHZ5RkNNNGxpRnpKK2RqekQ1cXV0YVhCYWRQNFhUaFBwY0N6RGdabkRZbk16cWxzWWEwa0tjVgpnWHh6MFJGL1BmZHl6ZnVNV0cwZzZRdk5kSGRIbWNmZkRrc2grOUhzaXk3U3pRRGNTUFVaRGRMR3U2eG4KLS0tLS1FTkQgUlNBIFBSSVZBVEUgS0VZLS0tLS0K\n    token: pau0rkb21x9gbce2aoaxn6wv2jj31px6nezfx3h24tqk7qo0kzbfsxpcnjdb93ity46ijr1b4os2cvdjklcd6tlqxekalglnscevqhpzzdjhjq2n00a5p0aii6pyo1ea\n",
            "kubelet_identity": [
              {
                "client_id": "64edae5b-aa7b-492a-9b95-fd85058a1864",
                "object_id": "58384900-9d87-427d-99c7-d3256549abcf",
                "user_assigned_identity_id": "/subscriptions/eaddd741-0ff7-4aef-b112-7850e8b2445b/resourceGroups/MC_rg-week06_aks-cluster-week06_australiaeast/providers/Microsoft.ManagedIdentity/userAssignedIdentities/aks-cluster-week06-agentpool"
              }
            ],
            "kubernetes_version": "1.36.1",
            "linux_profile": [],
            "local_account_disabled": false,
            "location": "australiaeast",
            "maintenance_window": [],
            "maintenance_window_auto_upgrade": [],
            "maintenance_window_node_os": [],
            "microsoft_defender": [],
            "monitor_metrics": [],
            "name": "aks-cluster-week06",
            "network_profile": [
              {
                "advanced_networking": [],
                "dns_service_ip": "10.0.0.10",
                "ip_versions": [
                  "IPv4"
                ],
                "load_balancer_profile": [
                  {
                    "backend_pool_type": "NodeIPConfiguration",
                    "effective_outbound_ips": [
                      "/subscriptions/eaddd741-0ff7-4aef-b112-7850e8b2445b/resourceGroups/MC_rg-week06_aks-cluster-week06_australiaeast/providers/Microsoft.Network/publicIPAddresses/30b580b6-fc6e-47b5-a54a-9739d3c979f9"
                    ],
                    "idle_timeout_in_minutes": 0,
                    "managed_outbound_ip_count": 1,
                    "managed_outbound_ipv6_count": 0,
                    "outbound_ip_address_ids": [],
                    "outbound_ip_prefix_ids": [],
                    "outbound_ports_allocated": 0
                  }
                ],
                "load_balancer_sku": "standard",
                "nat_gateway_profile": [],
                "network_data_plane": "azure",
                "network_mode": "",
                "network_plugin": "azure",
                "network_plugin_mode": "overlay",
                "network_policy": "",
                "outbound_type": "loadBalancer",
                "pod_cidr": "10.244.0.0/16",
                "pod_cidrs": [
                  "10.244.0.0/16"
                ],
                "service_cidr": "10.0.0.0/16",
                "service_cidrs": [
                  "10.0.0.0/16"
                ]
              }
            ],
            "node_os_upgrade_channel": "NodeImage",
            "node_provisioning_profile": [
              {
                "default_node_pools": "",
                "mode": "Manual"
              }
            ],
            "node_resource_group": "MC_rg-week06_aks-cluster-week06_australiaeast",
            "node_resource_group_id": "/subscriptions/eaddd741-0ff7-4aef-b112-7850e8b2445b/resourceGroups/MC_rg-week06_aks-cluster-week06_australiaeast",
            "oidc_issuer_enabled": true,
            "oidc_issuer_url": "https://australiaeast.oic.prod-aks.azure.com/d02378ec-1688-46d5-8540-1c28b5f470f6/e756e582-8880-4b5b-bcb8-c4eaebb2918d/",
            "oms_agent": [],
            "open_service_mesh_enabled": false,
            "portal_fqdn": "koalatech-eh1un3ul.portal.hcp.australiaeast.azmk8s.io",
            "private_cluster_enabled": false,
            "private_cluster_public_fqdn_enabled": false,
            "private_dns_zone_id": "",
            "private_fqdn": "",
            "resource_group_name": "rg-week06",
            "role_based_access_control_enabled": true,
            "run_command_enabled": true,
            "service_mesh_profile": [],
            "service_principal": [],
            "sku_tier": "Free",
            "storage_profile": [],
            "support_plan": "KubernetesOfficial",
            "tags": {
              "Environment": "development",
              "ManagedBy": "Terraform",
              "Practical": "Week06",
              "Project": "KoalaTech Course Platform"
            },
            "timeouts": null,
            "upgrade_override": [],
            "web_app_routing": [],
            "windows_profile": [],
            "workload_autoscaler_profile": [],
            "workload_identity_enabled": false
          },
          "sensitive_attributes": [
            [
              {
                "type": "get_attr",
                "value": "kube_admin_config"
              }
            ],
            [
              {
                "type": "get_attr",
                "value": "kube_admin_config_raw"
              }
            ],
            [
              {
                "type": "get_attr",
                "value": "kube_config"
              }
            ],
            [
              {
                "type": "get_attr",
                "value": "kube_config_raw"
              }
            ]
          ],
          "identity_schema_version": 0,
          "private": "eyJlMmJmYjczMC1lY2FhLTExZTYtOGY4OC0zNDM2M2JjN2M0YzAiOnsiY3JlYXRlIjo1NDAwMDAwMDAwMDAwLCJkZWxldGUiOjU0MDAwMDAwMDAwMDAsInJlYWQiOjMwMDAwMDAwMDAwMCwidXBkYXRlIjo1NDAwMDAwMDAwMDAwfSwic2NoZW1hX3ZlcnNpb24iOiIyIn0=",
          "dependencies": [
            "azurerm_resource_group.rg"
          ]
        }
      ]
    },
    {
      "mode": "managed",
      "type": "azurerm_resource_group",
      "name": "rg",
      "provider": "provider[\"registry.terraform.io/hashicorp/azurerm\"]",
      "instances": [
        {
          "schema_version": 0,
          "attributes": {
            "id": "/subscriptions/eaddd741-0ff7-4aef-b112-7850e8b2445b/resourceGroups/rg-week06",
            "location": "australiaeast",
            "managed_by": "",
            "name": "rg-week06",
            "tags": {
              "Environment": "development",
              "ManagedBy": "Terraform",
              "Practical": "Week06",
              "Project": "KoalaTech Course Platform"
            },
            "timeouts": null
          },
          "sensitive_attributes": [],
          "identity_schema_version": 0,
          "identity": {
            "name": "rg-week06",
            "subscription_id": "eaddd741-0ff7-4aef-b112-7850e8b2445b"
          },
          "private": "eyJlMmJmYjczMC1lY2FhLTExZTYtOGY4OC0zNDM2M2JjN2M0YzAiOnsiY3JlYXRlIjo1NDAwMDAwMDAwMDAwLCJkZWxldGUiOjU0MDAwMDAwMDAwMDAsInJlYWQiOjMwMDAwMDAwMDAwMCwidXBkYXRlIjo1NDAwMDAwMDAwMDAwfX0="
        }
      ]
    },
    {
      "mode": "managed",
      "type": "azurerm_role_assignment",
      "name": "acr_pull",
      "provider": "provider[\"registry.terraform.io/hashicorp/azurerm\"]",
      "instances": [
        {
          "schema_version": 0,
          "attributes": {
            "condition": "",
            "condition_version": "",
            "delegated_managed_identity_resource_id": "",
            "description": "",
            "id": "/subscriptions/eaddd741-0ff7-4aef-b112-7850e8b2445b/resourceGroups/rg-week06/providers/Microsoft.ContainerRegistry/registries/acraksweek06/providers/Microsoft.Authorization/roleAssignments/8f98a4d0-891d-2e08-f673-96d9ebc52808",
            "name": "8f98a4d0-891d-2e08-f673-96d9ebc52808",
            "principal_id": "58384900-9d87-427d-99c7-d3256549abcf",
            "principal_type": "ServicePrincipal",
            "role_definition_id": "/subscriptions/eaddd741-0ff7-4aef-b112-7850e8b2445b/providers/Microsoft.Authorization/roleDefinitions/7f951dda-4ed3-4680-a7ca-43fe172d538d",
            "role_definition_name": "AcrPull",
            "scope": "/subscriptions/eaddd741-0ff7-4aef-b112-7850e8b2445b/resourceGroups/rg-week06/providers/Microsoft.ContainerRegistry/registries/acraksweek06",
            "skip_service_principal_aad_check": true,
            "timeouts": null
          },
          "sensitive_attributes": [],
          "identity_schema_version": 0,
          "private": "eyJlMmJmYjczMC1lY2FhLTExZTYtOGY4OC0zNDM2M2JjN2M0YzAiOnsiY3JlYXRlIjoxODAwMDAwMDAwMDAwLCJkZWxldGUiOjE4MDAwMDAwMDAwMDAsInJlYWQiOjMwMDAwMDAwMDAwMH19",
          "dependencies": [
            "azurerm_container_registry.acr",
            "azurerm_kubernetes_cluster.aks",
            "azurerm_resource_group.rg"
          ]
        }
      ]
    },
    {
      "mode": "managed",
      "type": "azurerm_storage_account",
      "name": "storage_account",
      "provider": "provider[\"registry.terraform.io/hashicorp/azurerm\"]",
      "instances": [
        {
          "schema_version": 4,
          "attributes": {
            "access_tier": "Hot",
            "account_kind": "StorageV2",
            "account_replication_type": "LRS",
            "account_tier": "Standard",
            "allow_nested_items_to_be_public": false,
            "allowed_copy_scope": "",
            "azure_files_authentication": [],
            "blob_properties": [
              {
                "change_feed_enabled": false,
                "change_feed_retention_in_days": 0,
                "container_delete_retention_policy": [],
                "cors_rule": [],
                "default_service_version": "",
                "delete_retention_policy": [],
                "last_access_time_enabled": false,
                "restore_policy": [],
                "versioning_enabled": false
              }
            ],
            "cross_tenant_replication_enabled": false,
            "custom_domain": [],
            "customer_managed_key": [],
            "default_to_oauth_authentication": false,
            "dns_endpoint_type": "Standard",
            "edge_zone": "",
            "https_traffic_only_enabled": true,
            "id": "/subscriptions/eaddd741-0ff7-4aef-b112-7850e8b2445b/resourceGroups/rg-week06/providers/Microsoft.Storage/storageAccounts/aksweek06",
            "identity": [],
            "immutability_policy": [],
            "infrastructure_encryption_enabled": false,
            "is_hns_enabled": false,
            "large_file_share_enabled": false,
            "local_user_enabled": true,
            "location": "australiaeast",
            "min_tls_version": "TLS1_2",
            "name": "aksweek06",
            "network_rules": [],
            "nfsv3_enabled": false,
            "primary_access_key": "o4fiq1ybzWnVmvd4dpdZ4z39plvKbpU1u6Z4X9zAe3r24Srk5RXn8JBUCrt7Fjbkw9iUDCnm7rwo+ASt0UDk2Q==",
            "primary_blob_connection_string": "DefaultEndpointsProtocol=https;BlobEndpoint=https://aksweek06.blob.core.windows.net/;AccountName=aksweek06;AccountKey=o4fiq1ybzWnVmvd4dpdZ4z39plvKbpU1u6Z4X9zAe3r24Srk5RXn8JBUCrt7Fjbkw9iUDCnm7rwo+ASt0UDk2Q==",
            "primary_blob_endpoint": "https://aksweek06.blob.core.windows.net/",
            "primary_blob_host": "aksweek06.blob.core.windows.net",
            "primary_blob_internet_endpoint": "",
            "primary_blob_internet_host": "",
            "primary_blob_microsoft_endpoint": "",
            "primary_blob_microsoft_host": "",
            "primary_connection_string": "DefaultEndpointsProtocol=https;AccountName=aksweek06;AccountKey=o4fiq1ybzWnVmvd4dpdZ4z39plvKbpU1u6Z4X9zAe3r24Srk5RXn8JBUCrt7Fjbkw9iUDCnm7rwo+ASt0UDk2Q==;EndpointSuffix=core.windows.net",
            "primary_dfs_endpoint": "https://aksweek06.dfs.core.windows.net/",
            "primary_dfs_host": "aksweek06.dfs.core.windows.net",
            "primary_dfs_internet_endpoint": "",
            "primary_dfs_internet_host": "",
            "primary_dfs_microsoft_endpoint": "",
            "primary_dfs_microsoft_host": "",
            "primary_file_endpoint": "https://aksweek06.file.core.windows.net/",
            "primary_file_host": "aksweek06.file.core.windows.net",
            "primary_file_internet_endpoint": "",
            "primary_file_internet_host": "",
            "primary_file_microsoft_endpoint": "",
            "primary_file_microsoft_host": "",
            "primary_location": "australiaeast",
            "primary_queue_endpoint": "https://aksweek06.queue.core.windows.net/",
            "primary_queue_host": "aksweek06.queue.core.windows.net",
            "primary_queue_microsoft_endpoint": "",
            "primary_queue_microsoft_host": "",
            "primary_table_endpoint": "https://aksweek06.table.core.windows.net/",
            "primary_table_host": "aksweek06.table.core.windows.net",
            "primary_table_microsoft_endpoint": "",
            "primary_table_microsoft_host": "",
            "primary_web_endpoint": "https://aksweek06.z8.web.core.windows.net/",
            "primary_web_host": "aksweek06.z8.web.core.windows.net",
            "primary_web_internet_endpoint": "",
            "primary_web_internet_host": "",
            "primary_web_microsoft_endpoint": "",
            "primary_web_microsoft_host": "",
            "provisioned_billing_model_version": "",
            "public_network_access_enabled": true,
            "queue_encryption_key_type": "Service",
            "queue_properties": [
              {
                "cors_rule": [],
                "hour_metrics": [
                  {
                    "enabled": false,
                    "include_apis": false,
                    "retention_policy_days": 0,
                    "version": "1.0"
                  }
                ],
                "logging": [
                  {
                    "delete": false,
                    "read": false,
                    "retention_policy_days": 0,
                    "version": "1.0",
                    "write": false
                  }
                ],
                "minute_metrics": [
                  {
                    "enabled": false,
                    "include_apis": false,
                    "retention_policy_days": 0,
                    "version": "1.0"
                  }
                ]
              }
            ],
            "resource_group_name": "rg-week06",
            "routing": [],
            "sas_policy": [],
            "secondary_access_key": "jMTuz9pX694DqW28h+oT7IzrgLfca915rtwOID6jXTO7ZIkuCeguBzBpy/NNIHMOut6qWkxCpWTI+AStgcwSMg==",
            "secondary_blob_connection_string": "",
            "secondary_blob_endpoint": "",
            "secondary_blob_host": "",
            "secondary_blob_internet_endpoint": "",
            "secondary_blob_internet_host": "",
            "secondary_blob_microsoft_endpoint": "",
            "secondary_blob_microsoft_host": "",
            "secondary_connection_string": "DefaultEndpointsProtocol=https;AccountName=aksweek06;AccountKey=jMTuz9pX694DqW28h+oT7IzrgLfca915rtwOID6jXTO7ZIkuCeguBzBpy/NNIHMOut6qWkxCpWTI+AStgcwSMg==;EndpointSuffix=core.windows.net",
            "secondary_dfs_endpoint": "",
            "secondary_dfs_host": "",
            "secondary_dfs_internet_endpoint": "",
            "secondary_dfs_internet_host": "",
            "secondary_dfs_microsoft_endpoint": "",
            "secondary_dfs_microsoft_host": "",
            "secondary_file_endpoint": "",
            "secondary_file_host": "",
            "secondary_file_internet_endpoint": "",
            "secondary_file_internet_host": "",
            "secondary_file_microsoft_endpoint": "",
            "secondary_file_microsoft_host": "",
            "secondary_location": "",
            "secondary_queue_endpoint": "",
            "secondary_queue_host": "",
            "secondary_queue_microsoft_endpoint": "",
            "secondary_queue_microsoft_host": "",
            "secondary_table_endpoint": "",
            "secondary_table_host": "",
            "secondary_table_microsoft_endpoint": "",
            "secondary_table_microsoft_host": "",
            "secondary_web_endpoint": "",
            "secondary_web_host": "",
            "secondary_web_internet_endpoint": "",
            "secondary_web_internet_host": "",
            "secondary_web_microsoft_endpoint": "",
            "secondary_web_microsoft_host": "",
            "sftp_enabled": false,
            "share_properties": [
              {
                "cors_rule": [],
                "retention_policy": [
                  {
                    "days": 7
                  }
                ],
                "smb": []
              }
            ],
            "shared_access_key_enabled": true,
            "static_website": [],
            "table_encryption_key_type": "Service",
            "tags": {
              "Environment": "development",
              "ManagedBy": "Terraform",
              "Practical": "Week06",
              "Project": "KoalaTech Course Platform"
            },
            "timeouts": null
          },
          "sensitive_attributes": [
            [
              {
                "type": "get_attr",
                "value": "primary_access_key"
              }
            ],
            [
              {
                "type": "get_attr",
                "value": "primary_blob_connection_string"
              }
            ],
            [
              {
                "type": "get_attr",
                "value": "primary_connection_string"
              }
            ],
            [
              {
                "type": "get_attr",
                "value": "secondary_access_key"
              }
            ],
            [
              {
                "type": "get_attr",
                "value": "secondary_blob_connection_string"
              }
            ],
            [
              {
                "type": "get_attr",
                "value": "secondary_connection_string"
              }
            ]
          ],
          "identity_schema_version": 0,
          "identity": {
            "name": "aksweek06",
            "resource_group_name": "rg-week06",
            "subscription_id": "eaddd741-0ff7-4aef-b112-7850e8b2445b"
          },
          "private": "eyJlMmJmYjczMC1lY2FhLTExZTYtOGY4OC0zNDM2M2JjN2M0YzAiOnsiY3JlYXRlIjozNjAwMDAwMDAwMDAwLCJkZWxldGUiOjM2MDAwMDAwMDAwMDAsInJlYWQiOjMwMDAwMDAwMDAwMCwidXBkYXRlIjozNjAwMDAwMDAwMDAwfSwic2NoZW1hX3ZlcnNpb24iOiI0In0=",
          "dependencies": [
            "azurerm_resource_group.rg"
          ]
        }
      ]
    },
    {
      "mode": "managed",
      "type": "azurerm_storage_container",
      "name": "lecturer_profile_photo",
      "provider": "provider[\"registry.terraform.io/hashicorp/azurerm\"]",
      "instances": [
        {
          "schema_version": 1,
          "attributes": {
            "container_access_type": "private",
            "default_encryption_scope": "$account-encryption-key",
            "encryption_scope_override_enabled": true,
            "has_immutability_policy": false,
            "has_legal_hold": false,
            "id": "/subscriptions/eaddd741-0ff7-4aef-b112-7850e8b2445b/resourceGroups/rg-week06/providers/Microsoft.Storage/storageAccounts/aksweek06/blobServices/default/containers/lecturer-profile-photo",
            "metadata": {},
            "name": "lecturer-profile-photo",
            "resource_manager_id": "/subscriptions/eaddd741-0ff7-4aef-b112-7850e8b2445b/resourceGroups/rg-week06/providers/Microsoft.Storage/storageAccounts/aksweek06/blobServices/default/containers/lecturer-profile-photo",
            "storage_account_id": "/subscriptions/eaddd741-0ff7-4aef-b112-7850e8b2445b/resourceGroups/rg-week06/providers/Microsoft.Storage/storageAccounts/aksweek06",
            "storage_account_name": "",
            "timeouts": null,
            "url": "https://aksweek06.blob.core.windows.net/lecturer-profile-photo"
          },
          "sensitive_attributes": [],
          "identity_schema_version": 0,
          "private": "eyJlMmJmYjczMC1lY2FhLTExZTYtOGY4OC0zNDM2M2JjN2M0YzAiOnsiY3JlYXRlIjoxODAwMDAwMDAwMDAwLCJkZWxldGUiOjE4MDAwMDAwMDAwMDAsInJlYWQiOjMwMDAwMDAwMDAwMCwidXBkYXRlIjoxODAwMDAwMDAwMDAwfSwic2NoZW1hX3ZlcnNpb24iOiIxIn0=",
          "dependencies": [
            "azurerm_resource_group.rg",
            "azurerm_storage_account.storage_account"
          ]
        }
      ]
    },
    {
      "mode": "managed",
      "type": "azurerm_storage_container",
      "name": "student_profile_photo",
      "provider": "provider[\"registry.terraform.io/hashicorp/azurerm\"]",
      "instances": [
        {
          "schema_version": 1,
          "attributes": {
            "container_access_type": "private",
            "default_encryption_scope": "$account-encryption-key",
            "encryption_scope_override_enabled": true,
            "has_immutability_policy": false,
            "has_legal_hold": false,
            "id": "/subscriptions/eaddd741-0ff7-4aef-b112-7850e8b2445b/resourceGroups/rg-week06/providers/Microsoft.Storage/storageAccounts/aksweek06/blobServices/default/containers/student-profile-photo",
            "metadata": {},
            "name": "student-profile-photo",
            "resource_manager_id": "/subscriptions/eaddd741-0ff7-4aef-b112-7850e8b2445b/resourceGroups/rg-week06/providers/Microsoft.Storage/storageAccounts/aksweek06/blobServices/default/containers/student-profile-photo",
            "storage_account_id": "/subscriptions/eaddd741-0ff7-4aef-b112-7850e8b2445b/resourceGroups/rg-week06/providers/Microsoft.Storage/storageAccounts/aksweek06",
            "storage_account_name": "",
            "timeouts": null,
            "url": "https://aksweek06.blob.core.windows.net/student-profile-photo"
          },
          "sensitive_attributes": [],
          "identity_schema_version": 0,
          "private": "eyJlMmJmYjczMC1lY2FhLTExZTYtOGY4OC0zNDM2M2JjN2M0YzAiOnsiY3JlYXRlIjoxODAwMDAwMDAwMDAwLCJkZWxldGUiOjE4MDAwMDAwMDAwMDAsInJlYWQiOjMwMDAwMDAwMDAwMCwidXBkYXRlIjoxODAwMDAwMDAwMDAwfSwic2NoZW1hX3ZlcnNpb24iOiIxIn0=",
          "dependencies": [
            "azurerm_resource_group.rg",
            "azurerm_storage_account.storage_account"
          ]
        }
      ]
    }
  ],
  "check_results": [
    {
      "object_kind": "var",
      "config_addr": "var.acr_name",
      "status": "pass",
      "objects": [
        {
          "object_addr": "var.acr_name",
          "status": "pass"
        }
      ]
    },
    {
      "object_kind": "var",
      "config_addr": "var.storage_account_name",
      "status": "pass",
      "objects": [
        {
          "object_addr": "var.storage_account_name",
          "status": "pass"
        }
      ]
    },
    {
      "object_kind": "var",
      "config_addr": "var.aks_node_count",
      "status": "pass",
      "objects": [
        {
          "object_addr": "var.aks_node_count",
          "status": "pass"
        }
      ]
    }
  ]
}
